{
  "lockfileVersion": 1,
  "workspaces": {
    "": {
      "name": "realglass",
      "dependencies": {
        "html2canvas-pro": "^1.5.11",
        "p5": "^2.0.3",
      },
    },
  },
  "packages": {
    "@babel/runtime": ["@babel/runtime@7.27.6", "", {}, "sha512-vbavdySgbTTrmFE+EsiqUTzlOr5bzlnJtUv9PynGCAKvfQqjIXbvFdumPM/GxMDfyuGMJaJAU6TO4zc1Jf1i8Q=="],

    "@davepagurek/bezier-path": ["@davepagurek/bezier-path@0.0.2", "", {}, "sha512-4L9ddgzZc9DRGyl1RrS3z5nwnVJoyjsAelVG4X1jh4tVxryEHr4H9QavhxW/my6Rn3669Qz6mhv8gd5O/WeFTA=="],

    "@japont/unicode-range": ["@japont/unicode-range@1.0.0", "", {}, "sha512-BckHvA2XdjRBVAWe2uceNuRf78lBeI28kyWEbfr/Q2pE17POkwuZ6WWY/UMv8FL9iBxhW4xfDoNLM9UVZaTeUQ=="],

    "acorn": ["acorn@8.15.0", "", { "bin": { "acorn": "bin/acorn" } }, "sha512-NZyJarBfL7nWwIq+FDL6Zp/yHEhePMNnnJ0y3qfieCrmNvYct8uvtiV41UvlSe6apAfk0fY1FbWx+NwfmpvtTg=="],

    "acorn-walk": ["acorn-walk@8.3.4", "", { "dependencies": { "acorn": "^8.11.0" } }, "sha512-ueEepnujpqee2o5aIYnvHU6C0A42MNdsIDeqy5BydrkuC5R1ZuUFnm27EeFJGoEHJQgn3uleRvmTXaJgfXbt4g=="],

    "base64-arraybuffer": ["base64-arraybuffer@1.0.2", "", {}, "sha512-I3yl4r9QB5ZRY3XuJVEPfc2XhZO6YweFPI+UovAzn+8/hb3oJ6lnysaFcjVpkCPfVWFUDvoZ8kmVDP7WyRtYtQ=="],

    "colorjs.io": ["colorjs.io@0.5.2", "", {}, "sha512-twmVoizEW7ylZSN32OgKdXRmo1qg+wT5/6C3xu5b9QsWzSFAhHLn2xd8ro0diCsKfCj1RdaTP/nrcW+vAoQPIw=="],

    "css-line-break": ["css-line-break@2.1.0", "", { "dependencies": { "utrie": "^1.0.2" } }, "sha512-FHcKFCZcAha3LwfVBhCQbW2nCNbkZXn7KVUJcsT5/P8YmfsVja0FMPJr0B903j/E69HUphKiV9iQArX8SDYA4w=="],

    "escodegen": ["escodegen@2.1.0", "", { "dependencies": { "esprima": "^4.0.1", "estraverse": "^5.2.0", "esutils": "^2.0.2" }, "optionalDependencies": { "source-map": "~0.6.1" }, "bin": { "esgenerate": "bin/esgenerate.js", "escodegen": "bin/escodegen.js" } }, "sha512-2NlIDTwUWJN0mRPQOdtQBzbUHvdGY2P1VXSyU83Q3xKxM7WHX2Ql8dKq782Q9TgQUNOLEzEYu9bzLNj1q88I5w=="],

    "esprima": ["esprima@4.0.1", "", { "bin": { "esparse": "./bin/esparse.js", "esvalidate": "./bin/esvalidate.js" } }, "sha512-eGuFFw7Upda+g4p+QHvnW0RyTX/SVeJBDM/gCtMARO0cLuT2HcEKnTPvhjV6aGeqrCB/sbNop0Kszm0jsaWU4A=="],

    "estraverse": ["estraverse@5.3.0", "", {}, "sha512-MMdARuVEQziNTeJD8DgMqmhwR11BRQ/cBP+pLtYdSTnf3MIO8fFeiINEbX36ZdNlfU/7A9f3gUw49B3oQsvwBA=="],

    "esutils": ["esutils@2.0.3", "", {}, "sha512-kVscqXk4OCp68SZ0dkgEKVi6/8ij300KBWTJq32P/dYeWTSwK41WyTxalN1eRmA5Z9UU/LX9D7FWSmV9SAYx6g=="],

    "file-saver": ["file-saver@1.3.8", "", {}, "sha512-spKHSBQIxxS81N/O21WmuXA2F6wppUCsutpzenOeZzOCCJ5gEfcbqJP983IrpLXzYmXnMUa6J03SubcNPdKrlg=="],

    "gifenc": ["gifenc@1.0.3", "", {}, "sha512-xdr6AdrfGBcfzncONUOlXMBuc5wJDtOueE3c5rdG0oNgtINLD+f2iFZltrBRZYzACRbKr+mSVU/x98zv2u3jmw=="],

    "html2canvas-pro": ["html2canvas-pro@1.5.11", "", { "dependencies": { "css-line-break": "^2.1.0", "text-segmentation": "^1.0.3" } }, "sha512-W4pEeKLG8+9a54RDOSiEKq7gRXXDzt0ORMaLXX+l6a3urSKbmnkmyzcRDCtgTOzmHLaZTLG2wiTQMJqKLlSh3w=="],

    "i18next": ["i18next@19.9.2", "", { "dependencies": { "@babel/runtime": "^7.12.0" } }, "sha512-0i6cuo6ER6usEOtKajUUDj92zlG+KArFia0857xxiEHAQcUwh/RtOQocui1LPJwunSYT574Pk64aNva1kwtxZg=="],

    "i18next-browser-languagedetector": ["i18next-browser-languagedetector@4.3.1", "", { "dependencies": { "@babel/runtime": "^7.5.5" } }, "sha512-KIToAzf8zwWvacgnRwJp63ase26o24AuNUlfNVJ5YZAFmdGhsJpmFClxXPuk9rv1FMI4lnc8zLSqgZPEZMrW4g=="],

    "libtess": ["libtess@1.2.2", "", {}, "sha512-Nps8HPeVVcsmJxUvFLKVJcCgcz+1ajPTXDVAVPs6+giOQP4AHV31uZFFkh+CKow/bkB7GbZWKmwmit7myaqDSw=="],

    "omggif": ["omggif@1.0.10", "", {}, "sha512-LMJTtvgc/nugXj0Vcrrs68Mn2D1r0zf630VNtqtpI1FEO7e+O9FP4gqs9AcnBaSEeoHIPm28u6qgPR0oyEpGSw=="],

    "p5": ["p5@2.0.3", "", { "dependencies": { "@davepagurek/bezier-path": "^0.0.2", "@japont/unicode-range": "^1.0.0", "acorn": "^8.12.1", "acorn-walk": "^8.3.4", "colorjs.io": "^0.5.2", "escodegen": "^2.1.0", "file-saver": "^1.3.8", "gifenc": "^1.0.3", "i18next": "^19.0.2", "i18next-browser-languagedetector": "^4.0.1", "libtess": "^1.2.2", "omggif": "^1.0.10", "pako": "^2.1.0", "pixelmatch": "^7.1.0", "zod": "^3.23.8" } }, "sha512-MA2fyH4qWWcUGgBnkyz6/B6Uhmr/cF/t+xryeAO6bt/bJoWc8/U6nRVbdP87GMBG5w2H9ej9pUcRqoQEzhtusA=="],

    "pako": ["pako@2.1.0", "", {}, "sha512-w+eufiZ1WuJYgPXbV/PO3NCMEc3xqylkKHzp8bxp1uW4qaSNQUkwmLLEc3kKsfz8lpV1F8Ht3U1Cm+9Srog2ug=="],

    "pixelmatch": ["pixelmatch@7.1.0", "", { "dependencies": { "pngjs": "^7.0.0" }, "bin": { "pixelmatch": "bin/pixelmatch" } }, "sha512-1wrVzJ2STrpmONHKBy228LM1b84msXDUoAzVEl0R8Mz4Ce6EPr+IVtxm8+yvrqLYMHswREkjYFaMxnyGnaY3Ng=="],

    "pngjs": ["pngjs@7.0.0", "", {}, "sha512-LKWqWJRhstyYo9pGvgor/ivk2w94eSjE3RGVuzLGlr3NmD8bf7RcYGze1mNdEHRP6TRP6rMuDHk5t44hnTRyow=="],

    "source-map": ["source-map@0.6.1", "", {}, "sha512-UjgapumWlbMhkBgzT7Ykc5YXUT46F0iKu8SGXq0bcwP5dz/h0Plj6enJqjz1Zbq2l5WaqYnrVbwWOWMyF3F47g=="],

    "text-segmentation": ["text-segmentation@1.0.3", "", { "dependencies": { "utrie": "^1.0.2" } }, "sha512-iOiPUo/BGnZ6+54OsWxZidGCsdU8YbE4PSpdPinp7DeMtUJNJBoJ/ouUSTJjHkh1KntHaltHl/gDs2FC4i5+Nw=="],

    "utrie": ["utrie@1.0.2", "", { "dependencies": { "base64-arraybuffer": "^1.0.2" } }, "sha512-1MLa5ouZiOmQzUbjbu9VmjLzn1QLXBhwpUa7kdLUQK+KQ5KA9I1vk5U4YHe/X2Ch7PYnJfWuWT+VbuxbGwljhw=="],

    "zod": ["zod@3.25.71", "", {}, "sha512-BsBc/NPk7h8WsUWYWYL+BajcJPY8YhjelaWu2NMLuzgraKAz4Lb4/6K11g9jpuDetjMiqhZ6YaexFLOC0Ogi3Q=="],
  }
}
